
Microsoft Visual Studio Solution File, Format Version 12.00
# Visual Studio Version 17
VisualStudioVersion = 17.12.35506.116
MinimumVisualStudioVersion = 10.0.40219.1
Project("{FAE04EC0-301F-11D3-BF4B-00C04F79EFBC}") = "AscendNutrition.Web", "AscendNutrition.Web\AscendNutrition.Web.csproj", "{DBC4C83C-835E-49EA-A305-C386F905484F}"
EndProject
Project("{FAE04EC0-301F-11D3-BF4B-00C04F79EFBC}") = "AscendNutrition.Web.ViewModels", "AscendNutrition.Web.Viemodels\AscendNutrition.Web.ViewModels.csproj", "{8E530919-869F-42CE-9EBC-641460CC471E}"
EndProject
Project("{FAE04EC0-301F-11D3-BF4B-00C04F79EFBC}") = "AscendNutrition.Common", "AscendNutrition.Common\AscendNutrition.Common.csproj", "{06974EA9-789B-43D9-9EEF-44E0F8BD2F1A}"
EndProject
Project("{2150E333-8FDC-42A3-9474-1A3956D46DE8}") = "Web", "Web", "{00DDE1A6-8D8B-4594-88A6-CD3CE66167CB}"
EndProject
Project("{2150E333-8FDC-42A3-9474-1A3956D46DE8}") = "Data", "Data", "{2AED00F5-C2C1-4C7E-BC65-A1C34562C5AB}"
EndProject
Project("{FAE04EC0-301F-11D3-BF4B-00C04F79EFBC}") = "AscendNutrition.Data.Models", "AscendNutrition.Data.Models\AscendNutrition.Data.Models.csproj", "{7E051CC0-F7AF-417A-9CF6-49CFAF5AE749}"
EndProject
Project("{FAE04EC0-301F-11D3-BF4B-00C04F79EFBC}") = "AscendNutrition.Data", "AscendNutrition.Data\AscendNutrition.Data.csproj", "{F0942E5E-2CF5-4B17-B3E8-6D929E72E299}"
EndProject
Project("{FAE04EC0-301F-11D3-BF4B-00C04F79EFBC}") = "AscendNutrition.Web.Infrastructure", "AscendNutrition.Web.Infrastructure\AscendNutrition.Web.Infrastructure.csproj", "{3AB30EDB-491F-402E-B969-6292F975F0C2}"
EndProject
Project("{2150E333-8FDC-42A3-9474-1A3956D46DE8}") = "Services", "Services", "{4B117BC1-9756-4317-AF38-EC53B4AC0247}"
EndProject
Project("{FAE04EC0-301F-11D3-BF4B-00C04F79EFBC}") = "AscendNutrition.Services.Data", "AscendNutrition.Services.Data\AscendNutrition.Services.Data.csproj", "{504ECF4E-51A2-4F34-AC32-C624293D6284}"
EndProject
Global
	GlobalSection(SolutionConfigurationPlatforms) = preSolution
		Debug|Any CPU = Debug|Any CPU
		Release|Any CPU = Release|Any CPU
	EndGlobalSection
	GlobalSection(ProjectConfigurationPlatforms) = postSolution
		{DBC4C83C-835E-49EA-A305-C386F905484F}.Debug|Any CPU.ActiveCfg = Debug|Any CPU
		{DBC4C83C-835E-49EA-A305-C386F905484F}.Debug|Any CPU.Build.0 = Debug|Any CPU
		{DBC4C83C-835E-49EA-A305-C386F905484F}.Release|Any CPU.ActiveCfg = Release|Any CPU
		{DBC4C83C-835E-49EA-A305-C386F905484F}.Release|Any CPU.Build.0 = Release|Any CPU
		{8E530919-869F-42CE-9EBC-641460CC471E}.Debug|Any CPU.ActiveCfg = Debug|Any CPU
		{8E530919-869F-42CE-9EBC-641460CC471E}.Debug|Any CPU.Build.0 = Debug|Any CPU
		{8E530919-869F-42CE-9EBC-641460CC471E}.Release|Any CPU.ActiveCfg = Release|Any CPU
		{8E530919-869F-42CE-9EBC-641460CC471E}.Release|Any CPU.Build.0 = Release|Any CPU
		{06974EA9-789B-43D9-9EEF-44E0F8BD2F1A}.Debug|Any CPU.ActiveCfg = Debug|Any CPU
		{06974EA9-789B-43D9-9EEF-44E0F8BD2F1A}.Debug|Any CPU.Build.0 = Debug|Any CPU
		{06974EA9-789B-43D9-9EEF-44E0F8BD2F1A}.Release|Any CPU.ActiveCfg = Release|Any CPU
		{06974EA9-789B-43D9-9EEF-44E0F8BD2F1A}.Release|Any CPU.Build.0 = Release|Any CPU
		{7E051CC0-F7AF-417A-9CF6-49CFAF5AE749}.Debug|Any CPU.ActiveCfg = Debug|Any CPU
		{7E051CC0-F7AF-417A-9CF6-49CFAF5AE749}.Debug|Any CPU.Build.0 = Debug|Any CPU
		{7E051CC0-F7AF-417A-9CF6-49CFAF5AE749}.Release|Any CPU.ActiveCfg = Release|Any CPU
		{7E051CC0-F7AF-417A-9CF6-49CFAF5AE749}.Release|Any CPU.Build.0 = Release|Any CPU
		{F0942E5E-2CF5-4B17-B3E8-6D929E72E299}.Debug|Any CPU.ActiveCfg = Debug|Any CPU
		{F0942E5E-2CF5-4B17-B3E8-6D929E72E299}.Debug|Any CPU.Build.0 = Debug|Any CPU
		{F0942E5E-2CF5-4B17-B3E8-6D929E72E299}.Release|Any CPU.ActiveCfg = Release|Any CPU
		{F0942E5E-2CF5-4B17-B3E8-6D929E72E299}.Release|Any CPU.Build.0 = Release|Any CPU
		{3AB30EDB-491F-402E-B969-6292F975F0C2}.Debug|Any CPU.ActiveCfg = Debug|Any CPU
		{3AB30EDB-491F-402E-B969-6292F975F0C2}.Debug|Any CPU.Build.0 = Debug|Any CPU
		{3AB30EDB-491F-402E-B969-6292F975F0C2}.Release|Any CPU.ActiveCfg = Release|Any CPU
		{3AB30EDB-491F-402E-B969-6292F975F0C2}.Release|Any CPU.Build.0 = Release|Any CPU
		{504ECF4E-51A2-4F34-AC32-C624293D6284}.Debug|Any CPU.ActiveCfg = Debug|Any CPU
		{504ECF4E-51A2-4F34-AC32-C624293D6284}.Debug|Any CPU.Build.0 = Debug|Any CPU
		{504ECF4E-51A2-4F34-AC32-C624293D6284}.Release|Any CPU.ActiveCfg = Release|Any CPU
		{504ECF4E-51A2-4F34-AC32-C624293D6284}.Release|Any CPU.Build.0 = Release|Any CPU
	EndGlobalSection
	GlobalSection(SolutionProperties) = preSolution
		HideSolutionNode = FALSE
	EndGlobalSection
	GlobalSection(NestedProjects) = preSolution
		{DBC4C83C-835E-49EA-A305-C386F905484F} = {00DDE1A6-8D8B-4594-88A6-CD3CE66167CB}
		{8E530919-869F-42CE-9EBC-641460CC471E} = {00DDE1A6-8D8B-4594-88A6-CD3CE66167CB}
		{7E051CC0-F7AF-417A-9CF6-49CFAF5AE749} = {2AED00F5-C2C1-4C7E-BC65-A1C34562C5AB}
		{F0942E5E-2CF5-4B17-B3E8-6D929E72E299} = {2AED00F5-C2C1-4C7E-BC65-A1C34562C5AB}
		{3AB30EDB-491F-402E-B969-6292F975F0C2} = {00DDE1A6-8D8B-4594-88A6-CD3CE66167CB}
		{504ECF4E-51A2-4F34-AC32-C624293D6284} = {4B117BC1-9756-4317-AF38-EC53B4AC0247}
	EndGlobalSection
EndGlobal
